
Microsoft Visual Studio Solution File, Format Version 12.00
# Visual Studio 14
VisualStudioVersion = 14.0.25420.1
MinimumVisualStudioVersion = 10.0.40219.1
Project("{FAE04EC0-301F-11D3-BF4B-00C04F79EFBC}") = "Number0-9ToText", "Number0-9ToText\Number0-9ToText.csproj", "{339FF312-547B-4AF7-B095-541E7DFF3153}"
EndProject
Project("{FAE04EC0-301F-11D3-BF4B-00C04F79EFBC}") = "BonusScore", "BonusScore\BonusScore.csproj", "{74E757C6-88A3-48E4-8D3C-8332A404E914}"
EndProject
Project("{FAE04EC0-301F-11D3-BF4B-00C04F79EFBC}") = "SumSeconds", "SumSeconds\SumSeconds.csproj", "{CC658F65-7FF6-46D2-9EE9-5E31BAB1BB2A}"
EndProject
Project("{FAE04EC0-301F-11D3-BF4B-00C04F79EFBC}") = "MetricConverter", "MetricConverter\MetricConverter.csproj", "{C062185F-C56F-403B-AC9F-79726FEB7144}"
EndProject
Project("{FAE04EC0-301F-11D3-BF4B-00C04F79EFBC}") = "PasswordGuess", "PasswordGuess\PasswordGuess.csproj", "{B40AE567-09B2-46CE-B014-97836444EE2D}"
EndProject
Project("{FAE04EC0-301F-11D3-BF4B-00C04F79EFBC}") = "Number100-200", "Number100-200\Number100-200.csproj", "{6F3B0823-5ED1-4B95-B1BE-911F413DD25F}"
EndProject
Project("{FAE04EC0-301F-11D3-BF4B-00C04F79EFBC}") = "EqualWords", "EqualWords\EqualWords.csproj", "{8E866E13-B48F-4E5A-A60F-D8E9A80CCCF1}"
EndProject
Project("{FAE04EC0-301F-11D3-BF4B-00C04F79EFBC}") = "SpeedInfo", "SpeedInfo\SpeedInfo.csproj", "{43FA9418-96D1-4B1A-A511-5CEE1DBFD7D1}"
EndProject
Project("{FAE04EC0-301F-11D3-BF4B-00C04F79EFBC}") = "AreaOfFigures", "AreaOfFigures\AreaOfFigures.csproj", "{510C0FC5-7149-4E0E-B127-067076F235DE}"
EndProject
Project("{FAE04EC0-301F-11D3-BF4B-00C04F79EFBC}") = "TimePlus15Minutes", "TimePlus15Minutes\TimePlus15Minutes.csproj", "{6022776F-A9E4-4145-B028-11328C80B001}"
EndProject
Project("{FAE04EC0-301F-11D3-BF4B-00C04F79EFBC}") = "3equalNumbers", "3equalNumbers\3equalNumbers.csproj", "{6514CB61-26DF-4B9B-9F2C-0E6F25ED5BBC}"
EndProject
Project("{FAE04EC0-301F-11D3-BF4B-00C04F79EFBC}") = "Number0-100ToText", "Number0-100ToText\Number0-100ToText.csproj", "{FC4D3C3D-B273-4AEE-82B5-CEF804A6E04A}"
EndProject
Project("{FAE04EC0-301F-11D3-BF4B-00C04F79EFBC}") = "PersonalTitles", "PersonalTitles\PersonalTitles.csproj", "{AD6A6B55-9AC3-48BB-8550-E974F5C59495}"
EndProject
Project("{FAE04EC0-301F-11D3-BF4B-00C04F79EFBC}") = "SmallShop", "SmallShop\SmallShop.csproj", "{91C21412-0068-4232-AE65-9FE1427F5EA2}"
EndProject
Project("{FAE04EC0-301F-11D3-BF4B-00C04F79EFBC}") = "PointInRectangle", "PointInRectangle\PointInRectangle.csproj", "{C8998A59-B651-4653-9871-9AACD93F8C8A}"
EndProject
Project("{FAE04EC0-301F-11D3-BF4B-00C04F79EFBC}") = "FruitOrVegetable", "FruitOrVegetable\FruitOrVegetable.csproj", "{BAB4C804-D9B2-4F2F-9411-2A35987C883B}"
EndProject
Project("{FAE04EC0-301F-11D3-BF4B-00C04F79EFBC}") = "InvalidNumber", "InvalidNumber\InvalidNumber.csproj", "{7473DB0E-5AD7-45ED-BF65-7949A97EC9E4}"
EndProject
Project("{FAE04EC0-301F-11D3-BF4B-00C04F79EFBC}") = "PointOnRectangleBorder", "PointOnRectangleBorder\PointOnRectangleBorder.csproj", "{AFE82720-F88A-4262-BAE3-1A79A587BB38}"
EndProject
Project("{FAE04EC0-301F-11D3-BF4B-00C04F79EFBC}") = "FruitShop", "FruitShop\FruitShop.csproj", "{E4C41C2D-BE64-47EF-9EDD-9310AAB43A45}"
EndProject
Project("{FAE04EC0-301F-11D3-BF4B-00C04F79EFBC}") = "TradeComissions", "TradeComissions\TradeComissions.csproj", "{F6913F7B-9ECF-4426-A29C-9371697A7AED}"
EndProject
Project("{FAE04EC0-301F-11D3-BF4B-00C04F79EFBC}") = "DayOfWeek", "DayOfWeek\DayOfWeek.csproj", "{FFDCBCED-AFD3-441F-8865-3BCC52D5F2D2}"
EndProject
Project("{FAE04EC0-301F-11D3-BF4B-00C04F79EFBC}") = "AnimalType", "AnimalType\AnimalType.csproj", "{7D92A42B-904B-4926-9353-81DC4DC312E1}"
EndProject
Project("{FAE04EC0-301F-11D3-BF4B-00C04F79EFBC}") = "Cinema", "Cinema\Cinema.csproj", "{F15F25A9-1D03-4343-BA3F-1909D0458E1B}"
EndProject
Project("{FAE04EC0-301F-11D3-BF4B-00C04F79EFBC}") = "Volleyball", "Volleyball\Volleyball.csproj", "{3D8EFC55-9C52-4248-B1B7-961C6FD95883}"
EndProject
Project("{FAE04EC0-301F-11D3-BF4B-00C04F79EFBC}") = "PointInTheFigure", "PointInTheFigure\PointInTheFigure.csproj", "{8F34A2ED-7F0E-46DD-987C-115C591B5559}"
EndProject
Project("{FAE04EC0-301F-11D3-BF4B-00C04F79EFBC}") = "NumbersTo100", "NumbersTo100\NumbersTo100.csproj", "{ED27AC09-0E61-4C48-910A-11DDD11FAC39}"
EndProject
Project("{FAE04EC0-301F-11D3-BF4B-00C04F79EFBC}") = "NumbersEndingIn7", "NumbersEndingIn7\NumbersEndingIn7.csproj", "{DE89EEA9-A675-4C5A-9786-38B3D5D90CFB}"
EndProject
Project("{FAE04EC0-301F-11D3-BF4B-00C04F79EFBC}") = "LatinLetters", "LatinLetters\LatinLetters.csproj", "{A097A16F-9248-4A07-A908-82584BA2CF4F}"
EndProject
Project("{FAE04EC0-301F-11D3-BF4B-00C04F79EFBC}") = "SumNumbers", "SumNumbers\SumNumbers.csproj", "{8097A124-2742-4608-84F4-74CD8A8EA5CB}"
EndProject
Project("{FAE04EC0-301F-11D3-BF4B-00C04F79EFBC}") = "MaxNumber", "MaxNumber\MaxNumber.csproj", "{F66D3CA2-B78D-446E-A0EE-C6EA944761EE}"
EndProject
Project("{FAE04EC0-301F-11D3-BF4B-00C04F79EFBC}") = "MinNumber", "MinNumber\MinNumber.csproj", "{E0C9D484-82B6-40FB-B453-2E6254B9FC06}"
EndProject
Project("{FAE04EC0-301F-11D3-BF4B-00C04F79EFBC}") = "LeftAndRightSum", "LeftAndRightSum\LeftAndRightSum.csproj", "{2DB8287A-5C81-42A0-87A1-7CEE817EFE8E}"
EndProject
Project("{FAE04EC0-301F-11D3-BF4B-00C04F79EFBC}") = "OddEvenSum", "OddEvenSum\OddEvenSum.csproj", "{70098F6C-68D4-4E62-9FD3-3493CA8D845C}"
EndProject
Project("{FAE04EC0-301F-11D3-BF4B-00C04F79EFBC}") = "VowelsSum", "VowelsSum\VowelsSum.csproj", "{A795F912-F15F-41FC-8420-864A33F82118}"
EndProject
Project("{FAE04EC0-301F-11D3-BF4B-00C04F79EFBC}") = "HalfSumElement", "HalfSumElement\HalfSumElement.csproj", "{B8B60AA5-68D7-4B3A-93EC-CDF32BF4D98E}"
EndProject
Project("{FAE04EC0-301F-11D3-BF4B-00C04F79EFBC}") = "OddEvenPosition", "OddEvenPosition\OddEvenPosition.csproj", "{A4B63CE4-28A6-4FAB-A4C4-508DA2FC8234}"
EndProject
Project("{FAE04EC0-301F-11D3-BF4B-00C04F79EFBC}") = "EqualPairs", "EqualPairs\EqualPairs.csproj", "{A6CA11BD-8178-4566-9BCF-B2C1E77BEEFA}"
EndProject
Project("{FAE04EC0-301F-11D3-BF4B-00C04F79EFBC}") = "Rectangle10x10", "Rectangle10x10\Rectangle10x10.csproj", "{71FD1E01-C877-479B-9DA8-462E0BCB5FC3}"
EndProject
Project("{FAE04EC0-301F-11D3-BF4B-00C04F79EFBC}") = "RectangleNxN", "RectangleNxN\RectangleNxN.csproj", "{E12A6939-36DE-4004-A171-9207AE84A4F6}"
EndProject
Project("{FAE04EC0-301F-11D3-BF4B-00C04F79EFBC}") = "SquareOfStars", "SquareOfStars\SquareOfStars.csproj", "{5A4F62AC-A455-4EE3-8953-F71C9B85C7DA}"
EndProject
Project("{FAE04EC0-301F-11D3-BF4B-00C04F79EFBC}") = "TriangleOfDollars", "TriangleOfDollars\TriangleOfDollars.csproj", "{B7645DB1-B6A8-46D4-8825-02C15C71F222}"
EndProject
Project("{FAE04EC0-301F-11D3-BF4B-00C04F79EFBC}") = "SquareFrame", "SquareFrame\SquareFrame.csproj", "{531B816D-B3D2-4FC4-AEF0-032119B0CD03}"
EndProject
Project("{FAE04EC0-301F-11D3-BF4B-00C04F79EFBC}") = "RhombusOfStars", "RhombusOfStars\RhombusOfStars.csproj", "{D1D04166-55FE-4622-9D7E-C021E12DC985}"
EndProject
Project("{FAE04EC0-301F-11D3-BF4B-00C04F79EFBC}") = "ChristmasTree", "ChristmasTree\ChristmasTree.csproj", "{1A532215-D59D-4611-869E-76C78E383610}"
EndProject
Project("{FAE04EC0-301F-11D3-BF4B-00C04F79EFBC}") = "Sunglasses", "Sunglasses\Sunglasses.csproj", "{576C8B86-DCDD-43D3-9A15-5F169CF2F5BE}"
EndProject
Project("{FAE04EC0-301F-11D3-BF4B-00C04F79EFBC}") = "House", "House\House.csproj", "{508CFFAC-A5CB-41D3-B81D-C567752972BE}"
EndProject
Project("{FAE04EC0-301F-11D3-BF4B-00C04F79EFBC}") = "Diamond", "Diamond\Diamond.csproj", "{9DE53498-546E-4DD4-9CB6-17C8CFE578DF}"
EndProject
Project("{FAE04EC0-301F-11D3-BF4B-00C04F79EFBC}") = "Numbers1toNwithStep3", "Numbers1toNwithStep3\Numbers1toNwithStep3.csproj", "{BE509D61-DB9A-4CB8-AFFB-4E4DA89F3F3C}"
EndProject
Project("{FAE04EC0-301F-11D3-BF4B-00C04F79EFBC}") = "NumbersNto1", "NumbersNto1\NumbersNto1.csproj", "{E6FF8DF0-A903-42D3-9045-BE59FB0B0836}"
EndProject
Project("{FAE04EC0-301F-11D3-BF4B-00C04F79EFBC}") = "PowersOfTwo", "PowersOfTwo\PowersOfTwo.csproj", "{A88AD62A-C724-4251-9C9D-7B0AAD8E3887}"
EndProject
Project("{FAE04EC0-301F-11D3-BF4B-00C04F79EFBC}") = "EvenPowersOfTwo", "EvenPowersOfTwo\EvenPowersOfTwo.csproj", "{F3C2F4DE-159B-4BAF-B372-743644267AA9}"
EndProject
Project("{FAE04EC0-301F-11D3-BF4B-00C04F79EFBC}") = "Sequence2kPlusOne", "Sequence2kPlusOne\Sequence2kPlusOne.csproj", "{B415AA82-38F0-4EAA-B238-5D831D49B5AD}"
EndProject
Project("{FAE04EC0-301F-11D3-BF4B-00C04F79EFBC}") = "NumbersInRange1to100", "NumbersInRange1to100\NumbersInRange1to100.csproj", "{4242D68A-B6DB-4546-9640-2401A8317A10}"
EndProject
Project("{FAE04EC0-301F-11D3-BF4B-00C04F79EFBC}") = "GCD", "GCD\GCD.csproj", "{C1C0CBFF-8153-451B-AB21-4879CE3E7E45}"
EndProject
Project("{FAE04EC0-301F-11D3-BF4B-00C04F79EFBC}") = "Factorial", "Factorial\Factorial.csproj", "{DC14F6A2-453A-4D5D-854C-371A62E32E89}"
EndProject
Project("{FAE04EC0-301F-11D3-BF4B-00C04F79EFBC}") = "SumDigits", "SumDigits\SumDigits.csproj", "{1A339B58-8986-4204-83BF-25F5801B154A}"
EndProject
Project("{FAE04EC0-301F-11D3-BF4B-00C04F79EFBC}") = "CheckPrime", "CheckPrime\CheckPrime.csproj", "{C068BCD2-900F-4388-B806-344064B793B3}"
EndProject
Project("{FAE04EC0-301F-11D3-BF4B-00C04F79EFBC}") = "EnterEvenNumber", "EnterEvenNumber\EnterEvenNumber.csproj", "{B93D86C1-BF9F-48A4-B976-C48CA7F561E2}"
EndProject
Global
	GlobalSection(SolutionConfigurationPlatforms) = preSolution
		Debug|Any CPU = Debug|Any CPU
		Release|Any CPU = Release|Any CPU
	EndGlobalSection
	GlobalSection(ProjectConfigurationPlatforms) = postSolution
		{339FF312-547B-4AF7-B095-541E7DFF3153}.Debug|Any CPU.ActiveCfg = Debug|Any CPU
		{339FF312-547B-4AF7-B095-541E7DFF3153}.Debug|Any CPU.Build.0 = Debug|Any CPU
		{339FF312-547B-4AF7-B095-541E7DFF3153}.Release|Any CPU.ActiveCfg = Release|Any CPU
		{339FF312-547B-4AF7-B095-541E7DFF3153}.Release|Any CPU.Build.0 = Release|Any CPU
		{74E757C6-88A3-48E4-8D3C-8332A404E914}.Debug|Any CPU.ActiveCfg = Debug|Any CPU
		{74E757C6-88A3-48E4-8D3C-8332A404E914}.Debug|Any CPU.Build.0 = Debug|Any CPU
		{74E757C6-88A3-48E4-8D3C-8332A404E914}.Release|Any CPU.ActiveCfg = Release|Any CPU
		{74E757C6-88A3-48E4-8D3C-8332A404E914}.Release|Any CPU.Build.0 = Release|Any CPU
		{CC658F65-7FF6-46D2-9EE9-5E31BAB1BB2A}.Debug|Any CPU.ActiveCfg = Debug|Any CPU
		{CC658F65-7FF6-46D2-9EE9-5E31BAB1BB2A}.Debug|Any CPU.Build.0 = Debug|Any CPU
		{CC658F65-7FF6-46D2-9EE9-5E31BAB1BB2A}.Release|Any CPU.ActiveCfg = Release|Any CPU
		{CC658F65-7FF6-46D2-9EE9-5E31BAB1BB2A}.Release|Any CPU.Build.0 = Release|Any CPU
		{C062185F-C56F-403B-AC9F-79726FEB7144}.Debug|Any CPU.ActiveCfg = Debug|Any CPU
		{C062185F-C56F-403B-AC9F-79726FEB7144}.Debug|Any CPU.Build.0 = Debug|Any CPU
		{C062185F-C56F-403B-AC9F-79726FEB7144}.Release|Any CPU.ActiveCfg = Release|Any CPU
		{C062185F-C56F-403B-AC9F-79726FEB7144}.Release|Any CPU.Build.0 = Release|Any CPU
		{B40AE567-09B2-46CE-B014-97836444EE2D}.Debug|Any CPU.ActiveCfg = Debug|Any CPU
		{B40AE567-09B2-46CE-B014-97836444EE2D}.Debug|Any CPU.Build.0 = Debug|Any CPU
		{B40AE567-09B2-46CE-B014-97836444EE2D}.Release|Any CPU.ActiveCfg = Release|Any CPU
		{B40AE567-09B2-46CE-B014-97836444EE2D}.Release|Any CPU.Build.0 = Release|Any CPU
		{6F3B0823-5ED1-4B95-B1BE-911F413DD25F}.Debug|Any CPU.ActiveCfg = Debug|Any CPU
		{6F3B0823-5ED1-4B95-B1BE-911F413DD25F}.Debug|Any CPU.Build.0 = Debug|Any CPU
		{6F3B0823-5ED1-4B95-B1BE-911F413DD25F}.Release|Any CPU.ActiveCfg = Release|Any CPU
		{6F3B0823-5ED1-4B95-B1BE-911F413DD25F}.Release|Any CPU.Build.0 = Release|Any CPU
		{8E866E13-B48F-4E5A-A60F-D8E9A80CCCF1}.Debug|Any CPU.ActiveCfg = Debug|Any CPU
		{8E866E13-B48F-4E5A-A60F-D8E9A80CCCF1}.Debug|Any CPU.Build.0 = Debug|Any CPU
		{8E866E13-B48F-4E5A-A60F-D8E9A80CCCF1}.Release|Any CPU.ActiveCfg = Release|Any CPU
		{8E866E13-B48F-4E5A-A60F-D8E9A80CCCF1}.Release|Any CPU.Build.0 = Release|Any CPU
		{43FA9418-96D1-4B1A-A511-5CEE1DBFD7D1}.Debug|Any CPU.ActiveCfg = Debug|Any CPU
		{43FA9418-96D1-4B1A-A511-5CEE1DBFD7D1}.Debug|Any CPU.Build.0 = Debug|Any CPU
		{43FA9418-96D1-4B1A-A511-5CEE1DBFD7D1}.Release|Any CPU.ActiveCfg = Release|Any CPU
		{43FA9418-96D1-4B1A-A511-5CEE1DBFD7D1}.Release|Any CPU.Build.0 = Release|Any CPU
		{510C0FC5-7149-4E0E-B127-067076F235DE}.Debug|Any CPU.ActiveCfg = Debug|Any CPU
		{510C0FC5-7149-4E0E-B127-067076F235DE}.Debug|Any CPU.Build.0 = Debug|Any CPU
		{510C0FC5-7149-4E0E-B127-067076F235DE}.Release|Any CPU.ActiveCfg = Release|Any CPU
		{510C0FC5-7149-4E0E-B127-067076F235DE}.Release|Any CPU.Build.0 = Release|Any CPU
		{6022776F-A9E4-4145-B028-11328C80B001}.Debug|Any CPU.ActiveCfg = Debug|Any CPU
		{6022776F-A9E4-4145-B028-11328C80B001}.Debug|Any CPU.Build.0 = Debug|Any CPU
		{6022776F-A9E4-4145-B028-11328C80B001}.Release|Any CPU.ActiveCfg = Release|Any CPU
		{6022776F-A9E4-4145-B028-11328C80B001}.Release|Any CPU.Build.0 = Release|Any CPU
		{6514CB61-26DF-4B9B-9F2C-0E6F25ED5BBC}.Debug|Any CPU.ActiveCfg = Debug|Any CPU
		{6514CB61-26DF-4B9B-9F2C-0E6F25ED5BBC}.Debug|Any CPU.Build.0 = Debug|Any CPU
		{6514CB61-26DF-4B9B-9F2C-0E6F25ED5BBC}.Release|Any CPU.ActiveCfg = Release|Any CPU
		{6514CB61-26DF-4B9B-9F2C-0E6F25ED5BBC}.Release|Any CPU.Build.0 = Release|Any CPU
		{FC4D3C3D-B273-4AEE-82B5-CEF804A6E04A}.Debug|Any CPU.ActiveCfg = Debug|Any CPU
		{FC4D3C3D-B273-4AEE-82B5-CEF804A6E04A}.Debug|Any CPU.Build.0 = Debug|Any CPU
		{FC4D3C3D-B273-4AEE-82B5-CEF804A6E04A}.Release|Any CPU.ActiveCfg = Release|Any CPU
		{FC4D3C3D-B273-4AEE-82B5-CEF804A6E04A}.Release|Any CPU.Build.0 = Release|Any CPU
		{AD6A6B55-9AC3-48BB-8550-E974F5C59495}.Debug|Any CPU.ActiveCfg = Debug|Any CPU
		{AD6A6B55-9AC3-48BB-8550-E974F5C59495}.Debug|Any CPU.Build.0 = Debug|Any CPU
		{AD6A6B55-9AC3-48BB-8550-E974F5C59495}.Release|Any CPU.ActiveCfg = Release|Any CPU
		{AD6A6B55-9AC3-48BB-8550-E974F5C59495}.Release|Any CPU.Build.0 = Release|Any CPU
		{91C21412-0068-4232-AE65-9FE1427F5EA2}.Debug|Any CPU.ActiveCfg = Debug|Any CPU
		{91C21412-0068-4232-AE65-9FE1427F5EA2}.Debug|Any CPU.Build.0 = Debug|Any CPU
		{91C21412-0068-4232-AE65-9FE1427F5EA2}.Release|Any CPU.ActiveCfg = Release|Any CPU
		{91C21412-0068-4232-AE65-9FE1427F5EA2}.Release|Any CPU.Build.0 = Release|Any CPU
		{C8998A59-B651-4653-9871-9AACD93F8C8A}.Debug|Any CPU.ActiveCfg = Debug|Any CPU
		{C8998A59-B651-4653-9871-9AACD93F8C8A}.Debug|Any CPU.Build.0 = Debug|Any CPU
		{C8998A59-B651-4653-9871-9AACD93F8C8A}.Release|Any CPU.ActiveCfg = Release|Any CPU
		{C8998A59-B651-4653-9871-9AACD93F8C8A}.Release|Any CPU.Build.0 = Release|Any CPU
		{BAB4C804-D9B2-4F2F-9411-2A35987C883B}.Debug|Any CPU.ActiveCfg = Debug|Any CPU
		{BAB4C804-D9B2-4F2F-9411-2A35987C883B}.Debug|Any CPU.Build.0 = Debug|Any CPU
		{BAB4C804-D9B2-4F2F-9411-2A35987C883B}.Release|Any CPU.ActiveCfg = Release|Any CPU
		{BAB4C804-D9B2-4F2F-9411-2A35987C883B}.Release|Any CPU.Build.0 = Release|Any CPU
		{7473DB0E-5AD7-45ED-BF65-7949A97EC9E4}.Debug|Any CPU.ActiveCfg = Debug|Any CPU
		{7473DB0E-5AD7-45ED-BF65-7949A97EC9E4}.Debug|Any CPU.Build.0 = Debug|Any CPU
		{7473DB0E-5AD7-45ED-BF65-7949A97EC9E4}.Release|Any CPU.ActiveCfg = Release|Any CPU
		{7473DB0E-5AD7-45ED-BF65-7949A97EC9E4}.Release|Any CPU.Build.0 = Release|Any CPU
		{AFE82720-F88A-4262-BAE3-1A79A587BB38}.Debug|Any CPU.ActiveCfg = Debug|Any CPU
		{AFE82720-F88A-4262-BAE3-1A79A587BB38}.Debug|Any CPU.Build.0 = Debug|Any CPU
		{AFE82720-F88A-4262-BAE3-1A79A587BB38}.Release|Any CPU.ActiveCfg = Release|Any CPU
		{AFE82720-F88A-4262-BAE3-1A79A587BB38}.Release|Any CPU.Build.0 = Release|Any CPU
		{E4C41C2D-BE64-47EF-9EDD-9310AAB43A45}.Debug|Any CPU.ActiveCfg = Debug|Any CPU
		{E4C41C2D-BE64-47EF-9EDD-9310AAB43A45}.Debug|Any CPU.Build.0 = Debug|Any CPU
		{E4C41C2D-BE64-47EF-9EDD-9310AAB43A45}.Release|Any CPU.ActiveCfg = Release|Any CPU
		{E4C41C2D-BE64-47EF-9EDD-9310AAB43A45}.Release|Any CPU.Build.0 = Release|Any CPU
		{F6913F7B-9ECF-4426-A29C-9371697A7AED}.Debug|Any CPU.ActiveCfg = Debug|Any CPU
		{F6913F7B-9ECF-4426-A29C-9371697A7AED}.Debug|Any CPU.Build.0 = Debug|Any CPU
		{F6913F7B-9ECF-4426-A29C-9371697A7AED}.Release|Any CPU.ActiveCfg = Release|Any CPU
		{F6913F7B-9ECF-4426-A29C-9371697A7AED}.Release|Any CPU.Build.0 = Release|Any CPU
		{FFDCBCED-AFD3-441F-8865-3BCC52D5F2D2}.Debug|Any CPU.ActiveCfg = Debug|Any CPU
		{FFDCBCED-AFD3-441F-8865-3BCC52D5F2D2}.Debug|Any CPU.Build.0 = Debug|Any CPU
		{FFDCBCED-AFD3-441F-8865-3BCC52D5F2D2}.Release|Any CPU.ActiveCfg = Release|Any CPU
		{FFDCBCED-AFD3-441F-8865-3BCC52D5F2D2}.Release|Any CPU.Build.0 = Release|Any CPU
		{7D92A42B-904B-4926-9353-81DC4DC312E1}.Debug|Any CPU.ActiveCfg = Debug|Any CPU
		{7D92A42B-904B-4926-9353-81DC4DC312E1}.Debug|Any CPU.Build.0 = Debug|Any CPU
		{7D92A42B-904B-4926-9353-81DC4DC312E1}.Release|Any CPU.ActiveCfg = Release|Any CPU
		{7D92A42B-904B-4926-9353-81DC4DC312E1}.Release|Any CPU.Build.0 = Release|Any CPU
		{F15F25A9-1D03-4343-BA3F-1909D0458E1B}.Debug|Any CPU.ActiveCfg = Debug|Any CPU
		{F15F25A9-1D03-4343-BA3F-1909D0458E1B}.Debug|Any CPU.Build.0 = Debug|Any CPU
		{F15F25A9-1D03-4343-BA3F-1909D0458E1B}.Release|Any CPU.ActiveCfg = Release|Any CPU
		{F15F25A9-1D03-4343-BA3F-1909D0458E1B}.Release|Any CPU.Build.0 = Release|Any CPU
		{3D8EFC55-9C52-4248-B1B7-961C6FD95883}.Debug|Any CPU.ActiveCfg = Debug|Any CPU
		{3D8EFC55-9C52-4248-B1B7-961C6FD95883}.Debug|Any CPU.Build.0 = Debug|Any CPU
		{3D8EFC55-9C52-4248-B1B7-961C6FD95883}.Release|Any CPU.ActiveCfg = Release|Any CPU
		{3D8EFC55-9C52-4248-B1B7-961C6FD95883}.Release|Any CPU.Build.0 = Release|Any CPU
		{8F34A2ED-7F0E-46DD-987C-115C591B5559}.Debug|Any CPU.ActiveCfg = Debug|Any CPU
		{8F34A2ED-7F0E-46DD-987C-115C591B5559}.Debug|Any CPU.Build.0 = Debug|Any CPU
		{8F34A2ED-7F0E-46DD-987C-115C591B5559}.Release|Any CPU.ActiveCfg = Release|Any CPU
		{8F34A2ED-7F0E-46DD-987C-115C591B5559}.Release|Any CPU.Build.0 = Release|Any CPU
		{ED27AC09-0E61-4C48-910A-11DDD11FAC39}.Debug|Any CPU.ActiveCfg = Debug|Any CPU
		{ED27AC09-0E61-4C48-910A-11DDD11FAC39}.Debug|Any CPU.Build.0 = Debug|Any CPU
		{ED27AC09-0E61-4C48-910A-11DDD11FAC39}.Release|Any CPU.ActiveCfg = Release|Any CPU
		{ED27AC09-0E61-4C48-910A-11DDD11FAC39}.Release|Any CPU.Build.0 = Release|Any CPU
		{DE89EEA9-A675-4C5A-9786-38B3D5D90CFB}.Debug|Any CPU.ActiveCfg = Debug|Any CPU
		{DE89EEA9-A675-4C5A-9786-38B3D5D90CFB}.Debug|Any CPU.Build.0 = Debug|Any CPU
		{DE89EEA9-A675-4C5A-9786-38B3D5D90CFB}.Release|Any CPU.ActiveCfg = Release|Any CPU
		{DE89EEA9-A675-4C5A-9786-38B3D5D90CFB}.Release|Any CPU.Build.0 = Release|Any CPU
		{A097A16F-9248-4A07-A908-82584BA2CF4F}.Debug|Any CPU.ActiveCfg = Debug|Any CPU
		{A097A16F-9248-4A07-A908-82584BA2CF4F}.Debug|Any CPU.Build.0 = Debug|Any CPU
		{A097A16F-9248-4A07-A908-82584BA2CF4F}.Release|Any CPU.ActiveCfg = Release|Any CPU
		{A097A16F-9248-4A07-A908-82584BA2CF4F}.Release|Any CPU.Build.0 = Release|Any CPU
		{8097A124-2742-4608-84F4-74CD8A8EA5CB}.Debug|Any CPU.ActiveCfg = Debug|Any CPU
		{8097A124-2742-4608-84F4-74CD8A8EA5CB}.Debug|Any CPU.Build.0 = Debug|Any CPU
		{8097A124-2742-4608-84F4-74CD8A8EA5CB}.Release|Any CPU.ActiveCfg = Release|Any CPU
		{8097A124-2742-4608-84F4-74CD8A8EA5CB}.Release|Any CPU.Build.0 = Release|Any CPU
		{F66D3CA2-B78D-446E-A0EE-C6EA944761EE}.Debug|Any CPU.ActiveCfg = Debug|Any CPU
		{F66D3CA2-B78D-446E-A0EE-C6EA944761EE}.Debug|Any CPU.Build.0 = Debug|Any CPU
		{F66D3CA2-B78D-446E-A0EE-C6EA944761EE}.Release|Any CPU.ActiveCfg = Release|Any CPU
		{F66D3CA2-B78D-446E-A0EE-C6EA944761EE}.Release|Any CPU.Build.0 = Release|Any CPU
		{E0C9D484-82B6-40FB-B453-2E6254B9FC06}.Debug|Any CPU.ActiveCfg = Debug|Any CPU
		{E0C9D484-82B6-40FB-B453-2E6254B9FC06}.Debug|Any CPU.Build.0 = Debug|Any CPU
		{E0C9D484-82B6-40FB-B453-2E6254B9FC06}.Release|Any CPU.ActiveCfg = Release|Any CPU
		{E0C9D484-82B6-40FB-B453-2E6254B9FC06}.Release|Any CPU.Build.0 = Release|Any CPU
		{2DB8287A-5C81-42A0-87A1-7CEE817EFE8E}.Debug|Any CPU.ActiveCfg = Debug|Any CPU
		{2DB8287A-5C81-42A0-87A1-7CEE817EFE8E}.Debug|Any CPU.Build.0 = Debug|Any CPU
		{2DB8287A-5C81-42A0-87A1-7CEE817EFE8E}.Release|Any CPU.ActiveCfg = Release|Any CPU
		{2DB8287A-5C81-42A0-87A1-7CEE817EFE8E}.Release|Any CPU.Build.0 = Release|Any CPU
		{70098F6C-68D4-4E62-9FD3-3493CA8D845C}.Debug|Any CPU.ActiveCfg = Debug|Any CPU
		{70098F6C-68D4-4E62-9FD3-3493CA8D845C}.Debug|Any CPU.Build.0 = Debug|Any CPU
		{70098F6C-68D4-4E62-9FD3-3493CA8D845C}.Release|Any CPU.ActiveCfg = Release|Any CPU
		{70098F6C-68D4-4E62-9FD3-3493CA8D845C}.Release|Any CPU.Build.0 = Release|Any CPU
		{A795F912-F15F-41FC-8420-864A33F82118}.Debug|Any CPU.ActiveCfg = Debug|Any CPU
		{A795F912-F15F-41FC-8420-864A33F82118}.Debug|Any CPU.Build.0 = Debug|Any CPU
		{A795F912-F15F-41FC-8420-864A33F82118}.Release|Any CPU.ActiveCfg = Release|Any CPU
		{A795F912-F15F-41FC-8420-864A33F82118}.Release|Any CPU.Build.0 = Release|Any CPU
		{B8B60AA5-68D7-4B3A-93EC-CDF32BF4D98E}.Debug|Any CPU.ActiveCfg = Debug|Any CPU
		{B8B60AA5-68D7-4B3A-93EC-CDF32BF4D98E}.Debug|Any CPU.Build.0 = Debug|Any CPU
		{B8B60AA5-68D7-4B3A-93EC-CDF32BF4D98E}.Release|Any CPU.ActiveCfg = Release|Any CPU
		{B8B60AA5-68D7-4B3A-93EC-CDF32BF4D98E}.Release|Any CPU.Build.0 = Release|Any CPU
		{A4B63CE4-28A6-4FAB-A4C4-508DA2FC8234}.Debug|Any CPU.ActiveCfg = Debug|Any CPU
		{A4B63CE4-28A6-4FAB-A4C4-508DA2FC8234}.Debug|Any CPU.Build.0 = Debug|Any CPU
		{A4B63CE4-28A6-4FAB-A4C4-508DA2FC8234}.Release|Any CPU.ActiveCfg = Release|Any CPU
		{A4B63CE4-28A6-4FAB-A4C4-508DA2FC8234}.Release|Any CPU.Build.0 = Release|Any CPU
		{A6CA11BD-8178-4566-9BCF-B2C1E77BEEFA}.Debug|Any CPU.ActiveCfg = Debug|Any CPU
		{A6CA11BD-8178-4566-9BCF-B2C1E77BEEFA}.Debug|Any CPU.Build.0 = Debug|Any CPU
		{A6CA11BD-8178-4566-9BCF-B2C1E77BEEFA}.Release|Any CPU.ActiveCfg = Release|Any CPU
		{A6CA11BD-8178-4566-9BCF-B2C1E77BEEFA}.Release|Any CPU.Build.0 = Release|Any CPU
		{71FD1E01-C877-479B-9DA8-462E0BCB5FC3}.Debug|Any CPU.ActiveCfg = Debug|Any CPU
		{71FD1E01-C877-479B-9DA8-462E0BCB5FC3}.Debug|Any CPU.Build.0 = Debug|Any CPU
		{71FD1E01-C877-479B-9DA8-462E0BCB5FC3}.Release|Any CPU.ActiveCfg = Release|Any CPU
		{71FD1E01-C877-479B-9DA8-462E0BCB5FC3}.Release|Any CPU.Build.0 = Release|Any CPU
		{E12A6939-36DE-4004-A171-9207AE84A4F6}.Debug|Any CPU.ActiveCfg = Debug|Any CPU
		{E12A6939-36DE-4004-A171-9207AE84A4F6}.Debug|Any CPU.Build.0 = Debug|Any CPU
		{E12A6939-36DE-4004-A171-9207AE84A4F6}.Release|Any CPU.ActiveCfg = Release|Any CPU
		{E12A6939-36DE-4004-A171-9207AE84A4F6}.Release|Any CPU.Build.0 = Release|Any CPU
		{5A4F62AC-A455-4EE3-8953-F71C9B85C7DA}.Debug|Any CPU.ActiveCfg = Debug|Any CPU
		{5A4F62AC-A455-4EE3-8953-F71C9B85C7DA}.Debug|Any CPU.Build.0 = Debug|Any CPU
		{5A4F62AC-A455-4EE3-8953-F71C9B85C7DA}.Release|Any CPU.ActiveCfg = Release|Any CPU
		{5A4F62AC-A455-4EE3-8953-F71C9B85C7DA}.Release|Any CPU.Build.0 = Release|Any CPU
		{B7645DB1-B6A8-46D4-8825-02C15C71F222}.Debug|Any CPU.ActiveCfg = Debug|Any CPU
		{B7645DB1-B6A8-46D4-8825-02C15C71F222}.Debug|Any CPU.Build.0 = Debug|Any CPU
		{B7645DB1-B6A8-46D4-8825-02C15C71F222}.Release|Any CPU.ActiveCfg = Release|Any CPU
		{B7645DB1-B6A8-46D4-8825-02C15C71F222}.Release|Any CPU.Build.0 = Release|Any CPU
		{531B816D-B3D2-4FC4-AEF0-032119B0CD03}.Debug|Any CPU.ActiveCfg = Debug|Any CPU
		{531B816D-B3D2-4FC4-AEF0-032119B0CD03}.Debug|Any CPU.Build.0 = Debug|Any CPU
		{531B816D-B3D2-4FC4-AEF0-032119B0CD03}.Release|Any CPU.ActiveCfg = Release|Any CPU
		{531B816D-B3D2-4FC4-AEF0-032119B0CD03}.Release|Any CPU.Build.0 = Release|Any CPU
		{D1D04166-55FE-4622-9D7E-C021E12DC985}.Debug|Any CPU.ActiveCfg = Debug|Any CPU
		{D1D04166-55FE-4622-9D7E-C021E12DC985}.Debug|Any CPU.Build.0 = Debug|Any CPU
		{D1D04166-55FE-4622-9D7E-C021E12DC985}.Release|Any CPU.ActiveCfg = Release|Any CPU
		{D1D04166-55FE-4622-9D7E-C021E12DC985}.Release|Any CPU.Build.0 = Release|Any CPU
		{1A532215-D59D-4611-869E-76C78E383610}.Debug|Any CPU.ActiveCfg = Debug|Any CPU
		{1A532215-D59D-4611-869E-76C78E383610}.Debug|Any CPU.Build.0 = Debug|Any CPU
		{1A532215-D59D-4611-869E-76C78E383610}.Release|Any CPU.ActiveCfg = Release|Any CPU
		{1A532215-D59D-4611-869E-76C78E383610}.Release|Any CPU.Build.0 = Release|Any CPU
		{576C8B86-DCDD-43D3-9A15-5F169CF2F5BE}.Debug|Any CPU.ActiveCfg = Debug|Any CPU
		{576C8B86-DCDD-43D3-9A15-5F169CF2F5BE}.Debug|Any CPU.Build.0 = Debug|Any CPU
		{576C8B86-DCDD-43D3-9A15-5F169CF2F5BE}.Release|Any CPU.ActiveCfg = Release|Any CPU
		{576C8B86-DCDD-43D3-9A15-5F169CF2F5BE}.Release|Any CPU.Build.0 = Release|Any CPU
		{508CFFAC-A5CB-41D3-B81D-C567752972BE}.Debug|Any CPU.ActiveCfg = Debug|Any CPU
		{508CFFAC-A5CB-41D3-B81D-C567752972BE}.Debug|Any CPU.Build.0 = Debug|Any CPU
		{508CFFAC-A5CB-41D3-B81D-C567752972BE}.Release|Any CPU.ActiveCfg = Release|Any CPU
		{508CFFAC-A5CB-41D3-B81D-C567752972BE}.Release|Any CPU.Build.0 = Release|Any CPU
		{9DE53498-546E-4DD4-9CB6-17C8CFE578DF}.Debug|Any CPU.ActiveCfg = Debug|Any CPU
		{9DE53498-546E-4DD4-9CB6-17C8CFE578DF}.Debug|Any CPU.Build.0 = Debug|Any CPU
		{9DE53498-546E-4DD4-9CB6-17C8CFE578DF}.Release|Any CPU.ActiveCfg = Release|Any CPU
		{9DE53498-546E-4DD4-9CB6-17C8CFE578DF}.Release|Any CPU.Build.0 = Release|Any CPU
		{BE509D61-DB9A-4CB8-AFFB-4E4DA89F3F3C}.Debug|Any CPU.ActiveCfg = Debug|Any CPU
		{BE509D61-DB9A-4CB8-AFFB-4E4DA89F3F3C}.Debug|Any CPU.Build.0 = Debug|Any CPU
		{BE509D61-DB9A-4CB8-AFFB-4E4DA89F3F3C}.Release|Any CPU.ActiveCfg = Release|Any CPU
		{BE509D61-DB9A-4CB8-AFFB-4E4DA89F3F3C}.Release|Any CPU.Build.0 = Release|Any CPU
		{E6FF8DF0-A903-42D3-9045-BE59FB0B0836}.Debug|Any CPU.ActiveCfg = Debug|Any CPU
		{E6FF8DF0-A903-42D3-9045-BE59FB0B0836}.Debug|Any CPU.Build.0 = Debug|Any CPU
		{E6FF8DF0-A903-42D3-9045-BE59FB0B0836}.Release|Any CPU.ActiveCfg = Release|Any CPU
		{E6FF8DF0-A903-42D3-9045-BE59FB0B0836}.Release|Any CPU.Build.0 = Release|Any CPU
		{A88AD62A-C724-4251-9C9D-7B0AAD8E3887}.Debug|Any CPU.ActiveCfg = Debug|Any CPU
		{A88AD62A-C724-4251-9C9D-7B0AAD8E3887}.Debug|Any CPU.Build.0 = Debug|Any CPU
		{A88AD62A-C724-4251-9C9D-7B0AAD8E3887}.Release|Any CPU.ActiveCfg = Release|Any CPU
		{A88AD62A-C724-4251-9C9D-7B0AAD8E3887}.Release|Any CPU.Build.0 = Release|Any CPU
		{F3C2F4DE-159B-4BAF-B372-743644267AA9}.Debug|Any CPU.ActiveCfg = Debug|Any CPU
		{F3C2F4DE-159B-4BAF-B372-743644267AA9}.Debug|Any CPU.Build.0 = Debug|Any CPU
		{F3C2F4DE-159B-4BAF-B372-743644267AA9}.Release|Any CPU.ActiveCfg = Release|Any CPU
		{F3C2F4DE-159B-4BAF-B372-743644267AA9}.Release|Any CPU.Build.0 = Release|Any CPU
		{B415AA82-38F0-4EAA-B238-5D831D49B5AD}.Debug|Any CPU.ActiveCfg = Debug|Any CPU
		{B415AA82-38F0-4EAA-B238-5D831D49B5AD}.Debug|Any CPU.Build.0 = Debug|Any CPU
		{B415AA82-38F0-4EAA-B238-5D831D49B5AD}.Release|Any CPU.ActiveCfg = Release|Any CPU
		{B415AA82-38F0-4EAA-B238-5D831D49B5AD}.Release|Any CPU.Build.0 = Release|Any CPU
		{4242D68A-B6DB-4546-9640-2401A8317A10}.Debug|Any CPU.ActiveCfg = Debug|Any CPU
		{4242D68A-B6DB-4546-9640-2401A8317A10}.Debug|Any CPU.Build.0 = Debug|Any CPU
		{4242D68A-B6DB-4546-9640-2401A8317A10}.Release|Any CPU.ActiveCfg = Release|Any CPU
		{4242D68A-B6DB-4546-9640-2401A8317A10}.Release|Any CPU.Build.0 = Release|Any CPU
		{C1C0CBFF-8153-451B-AB21-4879CE3E7E45}.Debug|Any CPU.ActiveCfg = Debug|Any CPU
		{C1C0CBFF-8153-451B-AB21-4879CE3E7E45}.Debug|Any CPU.Build.0 = Debug|Any CPU
		{C1C0CBFF-8153-451B-AB21-4879CE3E7E45}.Release|Any CPU.ActiveCfg = Release|Any CPU
		{C1C0CBFF-8153-451B-AB21-4879CE3E7E45}.Release|Any CPU.Build.0 = Release|Any CPU
		{DC14F6A2-453A-4D5D-854C-371A62E32E89}.Debug|Any CPU.ActiveCfg = Debug|Any CPU
		{DC14F6A2-453A-4D5D-854C-371A62E32E89}.Debug|Any CPU.Build.0 = Debug|Any CPU
		{DC14F6A2-453A-4D5D-854C-371A62E32E89}.Release|Any CPU.ActiveCfg = Release|Any CPU
		{DC14F6A2-453A-4D5D-854C-371A62E32E89}.Release|Any CPU.Build.0 = Release|Any CPU
		{1A339B58-8986-4204-83BF-25F5801B154A}.Debug|Any CPU.ActiveCfg = Debug|Any CPU
		{1A339B58-8986-4204-83BF-25F5801B154A}.Debug|Any CPU.Build.0 = Debug|Any CPU
		{1A339B58-8986-4204-83BF-25F5801B154A}.Release|Any CPU.ActiveCfg = Release|Any CPU
		{1A339B58-8986-4204-83BF-25F5801B154A}.Release|Any CPU.Build.0 = Release|Any CPU
		{C068BCD2-900F-4388-B806-344064B793B3}.Debug|Any CPU.ActiveCfg = Debug|Any CPU
		{C068BCD2-900F-4388-B806-344064B793B3}.Debug|Any CPU.Build.0 = Debug|Any CPU
		{C068BCD2-900F-4388-B806-344064B793B3}.Release|Any CPU.ActiveCfg = Release|Any CPU
		{C068BCD2-900F-4388-B806-344064B793B3}.Release|Any CPU.Build.0 = Release|Any CPU
		{B93D86C1-BF9F-48A4-B976-C48CA7F561E2}.Debug|Any CPU.ActiveCfg = Debug|Any CPU
		{B93D86C1-BF9F-48A4-B976-C48CA7F561E2}.Debug|Any CPU.Build.0 = Debug|Any CPU
		{B93D86C1-BF9F-48A4-B976-C48CA7F561E2}.Release|Any CPU.ActiveCfg = Release|Any CPU
		{B93D86C1-BF9F-48A4-B976-C48CA7F561E2}.Release|Any CPU.Build.0 = Release|Any CPU
	EndGlobalSection
	GlobalSection(SolutionProperties) = preSolution
		HideSolutionNode = FALSE
	EndGlobalSection
EndGlobal
